
Microsoft Visual Studio Solution File, Format Version 12.00
# Visual Studio Version 16
VisualStudioVersion = 16.0.31515.178
MinimumVisualStudioVersion = 10.0.40219.1
Project("{FAE04EC0-301F-11D3-BF4B-00C04F79EFBC}") = "HTask2", "HTask2\HTask2.csproj", "{8E5F36A2-A5EB-48A8-8A2C-70DFFAE1FABB}"
EndProject
Project("{FAE04EC0-301F-11D3-BF4B-00C04F79EFBC}") = "HTask2.Tests", "HTask2.Tests\HTask2.Tests.csproj", "{3D2054CC-A571-43DA-8852-06A893E86172}"
EndProject
Global
	GlobalSection(SolutionConfigurationPlatforms) = preSolution
		Debug|Any CPU = Debug|Any CPU
		Release|Any CPU = Release|Any CPU
	EndGlobalSection
	GlobalSection(ProjectConfigurationPlatforms) = postSolution
		{8E5F36A2-A5EB-48A8-8A2C-70DFFAE1FABB}.Debug|Any CPU.ActiveCfg = Debug|Any CPU
		{8E5F36A2-A5EB-48A8-8A2C-70DFFAE1FABB}.Debug|Any CPU.Build.0 = Debug|Any CPU
		{8E5F36A2-A5EB-48A8-8A2C-70DFFAE1FABB}.Release|Any CPU.ActiveCfg = Release|Any CPU
		{8E5F36A2-A5EB-48A8-8A2C-70DFFAE1FABB}.Release|Any CPU.Build.0 = Release|Any CPU
		{3D2054CC-A571-43DA-8852-06A893E86172}.Debug|Any CPU.ActiveCfg = Debug|Any CPU
		{3D2054CC-A571-43DA-8852-06A893E86172}.Debug|Any CPU.Build.0 = Debug|Any CPU
		{3D2054CC-A571-43DA-8852-06A893E86172}.Release|Any CPU.ActiveCfg = Release|Any CPU
		{3D2054CC-A571-43DA-8852-06A893E86172}.Release|Any CPU.Build.0 = Release|Any CPU
	EndGlobalSection
	GlobalSection(SolutionProperties) = preSolution
		HideSolutionNode = FALSE
	EndGlobalSection
	GlobalSection(ExtensibilityGlobals) = postSolution
		SolutionGuid = {75746075-BF44-45AF-B281-4A17B5356FE5}
	EndGlobalSection
EndGlobal
